
Microsoft Visual Studio Solution File, Format Version 12.00
# Visual Studio Version 17
VisualStudioVersion = 17.10.35027.167
MinimumVisualStudioVersion = 10.0.40219.1
Project("{9A19103F-16F7-4668-BE54-9A1E7A4F7556}") = "CityInfo.API", "CityInfo.API\CityInfo.API.csproj", "{5436996D-9ECF-4B79-8597-07AC40B9DEB2}"
EndProject
Global
	GlobalSection(SolutionConfigurationPlatforms) = preSolution
		Debug|Any CPU = Debug|Any CPU
		Release|Any CPU = Release|Any CPU
	EndGlobalSection
	GlobalSection(ProjectConfigurationPlatforms) = postSolution
		{5436996D-9ECF-4B79-8597-07AC40B9DEB2}.Debug|Any CPU.ActiveCfg = Debug|Any CPU
		{5436996D-9ECF-4B79-8597-07AC40B9DEB2}.Debug|Any CPU.Build.0 = Debug|Any CPU
		{5436996D-9ECF-4B79-8597-07AC40B9DEB2}.Release|Any CPU.ActiveCfg = Release|Any CPU
		{5436996D-9ECF-4B79-8597-07AC40B9DEB2}.Release|Any CPU.Build.0 = Release|Any CPU
	EndGlobalSection
	GlobalSection(SolutionProperties) = preSolution
		HideSolutionNode = FALSE
	EndGlobalSection
	GlobalSection(ExtensibilityGlobals) = postSolution
		SolutionGuid = {6A1D762C-27B4-469A-9A29-CD6583B0000A}
	EndGlobalSection
EndGlobal
